// !$*UTF8*$!
{
	archiveVersion = 1;
	classes = {
	};
	objectVersion = 46;
	objects = {

/* Begin PBXBuildFile section */
		600468AF1B4676DF0066E5BD /* main.m in Sources */ = {isa = PBXBuildFile; fileRef = 600468AE1B4676DF0066E5BD /* main.m */; };
		600468B21B4676DF0066E5BD /* SMAppDelegate.m in Sources */ = {isa = PBXBuildFile; fileRef = 600468B11B4676DF0066E5BD /* SMAppDelegate.m */; };
		600468B41B4676DF0066E5BD /* Images.xcassets in Resources */ = {isa = PBXBuildFile; fileRef = 600468B31B4676DF0066E5BD /* Images.xcassets */; };
		600468C31B4676DF0066E5BD /* CrazyPuzzleTests.m in Sources */ = {isa = PBXBuildFile; fileRef = 600468C21B4676DF0066E5BD /* CrazyPuzzleTests.m */; };
		601EF31B1B671BF50011BAD3 /* diangu.png in Resources */ = {isa = PBXBuildFile; fileRef = 601EF2FD1B671BF40011BAD3 /* diangu.png */; };
		601EF31C1B671BF50011BAD3 /* diangu_sel.png in Resources */ = {isa = PBXBuildFile; fileRef = 601EF2FE1B671BF40011BAD3 /* diangu_sel.png */; };
		601EF31D1B671BF50011BAD3 /* dl_beijing.jpg in Resources */ = {isa = PBXBuildFile; fileRef = 601EF2FF1B671BF40011BAD3 /* dl_beijing.jpg */; };
		601EF31E1B671BF50011BAD3 /* dl_cgms_cn.png in Resources */ = {isa = PBXBuildFile; fileRef = 601EF3001B671BF40011BAD3 /* dl_cgms_cn.png */; };
		601EF31F1B671BF50011BAD3 /* dl_dh_yun2.png in Resources */ = {isa = PBXBuildFile; fileRef = 601EF3011B671BF50011BAD3 /* dl_dh_yun2.png */; };
		601EF3201B671BF50011BAD3 /* dl_dh_yun1.png in Resources */ = {isa = PBXBuildFile; fileRef = 601EF3021B671BF50011BAD3 /* dl_dh_yun1.png */; };
		601EF3211B671BF50011BAD3 /* dl_diangu_cn.png in Resources */ = {isa = PBXBuildFile; fileRef = 601EF3031B671BF50011BAD3 /* dl_diangu_cn.png */; };
		601EF3221B671BF50011BAD3 /* dl_logo.png in Resources */ = {isa = PBXBuildFile; fileRef = 601EF3041B671BF50011BAD3 /* dl_logo.png */; };
		601EF3231B671BF50011BAD3 /* dl_logo_01.png in Resources */ = {isa = PBXBuildFile; fileRef = 601EF3051B671BF50011BAD3 /* dl_logo_01.png */; };
		601EF3241B671BF50011BAD3 /* dl_logo_02.png in Resources */ = {isa = PBXBuildFile; fileRef = 601EF3061B671BF50011BAD3 /* dl_logo_02.png */; };
		601EF3251B671BF50011BAD3 /* dl_PK.png in Resources */ = {isa = PBXBuildFile; fileRef = 601EF3071B671BF50011BAD3 /* dl_PK.png */; };
		601EF3261B671BF50011BAD3 /* hong.png in Resources */ = {isa = PBXBuildFile; fileRef = 601EF3081B671BF50011BAD3 /* hong.png */; };
		601EF3271B671BF50011BAD3 /* hong_sel.png in Resources */ = {isa = PBXBuildFile; fileRef = 601EF3091B671BF50011BAD3 /* hong_sel.png */; };
		601EF3281B671BF50011BAD3 /* huang.png in Resources */ = {isa = PBXBuildFile; fileRef = 601EF30A1B671BF50011BAD3 /* huang.png */; };
		601EF3291B671BF50011BAD3 /* huang_sel.png in Resources */ = {isa = PBXBuildFile; fileRef = 601EF30B1B671BF50011BAD3 /* huang_sel.png */; };
		601EF32A1B671BF50011BAD3 /* tb_jiangli.png in Resources */ = {isa = PBXBuildFile; fileRef = 601EF30C1B671BF50011BAD3 /* tb_jiangli.png */; };
		601EF32B1B671BF50011BAD3 /* tb_jiangli_sel.png in Resources */ = {isa = PBXBuildFile; fileRef = 601EF30D1B671BF50011BAD3 /* tb_jiangli_sel.png */; };
		601EF32C1B671BF50011BAD3 /* tb_jiangli_w_cn.png in Resources */ = {isa = PBXBuildFile; fileRef = 601EF30E1B671BF50011BAD3 /* tb_jiangli_w_cn.png */; };
		601EF32D1B671BF50011BAD3 /* tb_phb.png in Resources */ = {isa = PBXBuildFile; fileRef = 601EF30F1B671BF50011BAD3 /* tb_phb.png */; };
		601EF32E1B671BF50011BAD3 /* tb_phb_sel.png in Resources */ = {isa = PBXBuildFile; fileRef = 601EF3101B671BF50011BAD3 /* tb_phb_sel.png */; };
		601EF32F1B671BF50011BAD3 /* tb_phb_w_cn.png in Resources */ = {isa = PBXBuildFile; fileRef = 601EF3111B671BF50011BAD3 /* tb_phb_w_cn.png */; };
		601EF3301B671BF50011BAD3 /* tb_shezhi.png in Resources */ = {isa = PBXBuildFile; fileRef = 601EF3121B671BF50011BAD3 /* tb_shezhi.png */; };
		601EF3311B671BF50011BAD3 /* tb_shezhi_sel.png in Resources */ = {isa = PBXBuildFile; fileRef = 601EF3131B671BF50011BAD3 /* tb_shezhi_sel.png */; };
		601EF3321B671BF50011BAD3 /* tb_shezhi_w_cn.png in Resources */ = {isa = PBXBuildFile; fileRef = 601EF3141B671BF50011BAD3 /* tb_shezhi_w_cn.png */; };
		601EF3331B671BF50011BAD3 /* tb_zhoujingsai.png in Resources */ = {isa = PBXBuildFile; fileRef = 601EF3151B671BF50011BAD3 /* tb_zhoujingsai.png */; };
		601EF3341B671BF50011BAD3 /* tb_zhoujingsai_sel.png in Resources */ = {isa = PBXBuildFile; fileRef = 601EF3161B671BF50011BAD3 /* tb_zhoujingsai_sel.png */; };
		601EF3351B671BF50011BAD3 /* tb_zhoujingsai_w_cn.png in Resources */ = {isa = PBXBuildFile; fileRef = 601EF3171B671BF50011BAD3 /* tb_zhoujingsai_w_cn.png */; };
		601EF3361B671BF50011BAD3 /* tb_ziliao.png in Resources */ = {isa = PBXBuildFile; fileRef = 601EF3181B671BF50011BAD3 /* tb_ziliao.png */; };
		601EF3371B671BF50011BAD3 /* tb_ziliao_sel.png in Resources */ = {isa = PBXBuildFile; fileRef = 601EF3191B671BF50011BAD3 /* tb_ziliao_sel.png */; };
		601EF3381B671BF50011BAD3 /* tb_ziliao_w_cn.png in Resources */ = {isa = PBXBuildFile; fileRef = 601EF31A1B671BF50011BAD3 /* tb_ziliao_w_cn.png */; };
		601EF33E1B6720620011BAD3 /* SMMainViewController.m in Sources */ = {isa = PBXBuildFile; fileRef = 601EF33D1B6720620011BAD3 /* SMMainViewController.m */; };
/* End PBXBuildFile section */

/* Begin PBXContainerItemProxy section */
		600468BD1B4676DF0066E5BD /* PBXContainerItemProxy */ = {
			isa = PBXContainerItemProxy;
			containerPortal = 600468A11B4676DF0066E5BD /* Project object */;
			proxyType = 1;
			remoteGlobalIDString = 600468A81B4676DF0066E5BD;
			remoteInfo = CrazyPuzzle;
		};
/* End PBXContainerItemProxy section */

/* Begin PBXFileReference section */
		600468A91B4676DF0066E5BD /* CrazyPuzzle.app */ = {isa = PBXFileReference; explicitFileType = wrapper.application; includeInIndex = 0; path = CrazyPuzzle.app; sourceTree = BUILT_PRODUCTS_DIR; };
		600468AD1B4676DF0066E5BD /* Info.plist */ = {isa = PBXFileReference; lastKnownFileType = text.plist.xml; path = Info.plist; sourceTree = "<group>"; };
		600468AE1B4676DF0066E5BD /* main.m */ = {isa = PBXFileReference; lastKnownFileType = sourcecode.c.objc; path = main.m; sourceTree = "<group>"; };
		600468B01B4676DF0066E5BD /* SMAppDelegate.h */ = {isa = PBXFileReference; lastKnownFileType = sourcecode.c.h; path = SMAppDelegate.h; sourceTree = "<group>"; };
		600468B11B4676DF0066E5BD /* SMAppDelegate.m */ = {isa = PBXFileReference; lastKnownFileType = sourcecode.c.objc; path = SMAppDelegate.m; sourceTree = "<group>"; };
		600468B31B4676DF0066E5BD /* Images.xcassets */ = {isa = PBXFileReference; lastKnownFileType = folder.assetcatalog; path = Images.xcassets; sourceTree = "<group>"; };
		600468BC1B4676DF0066E5BD /* CrazyPuzzleTests.xctest */ = {isa = PBXFileReference; explicitFileType = wrapper.cfbundle; includeInIndex = 0; path = CrazyPuzzleTests.xctest; sourceTree = BUILT_PRODUCTS_DIR; };
		600468C11B4676DF0066E5BD /* Info.plist */ = {isa = PBXFileReference; lastKnownFileType = text.plist.xml; path = Info.plist; sourceTree = "<group>"; };
		600468C21B4676DF0066E5BD /* CrazyPuzzleTests.m */ = {isa = PBXFileReference; lastKnownFileType = sourcecode.c.objc; path = CrazyPuzzleTests.m; sourceTree = "<group>"; };
		601EF2FD1B671BF40011BAD3 /* diangu.png */ = {isa = PBXFileReference; lastKnownFileType = image.png; path = diangu.png; sourceTree = "<group>"; };
		601EF2FE1B671BF40011BAD3 /* diangu_sel.png */ = {isa = PBXFileReference; lastKnownFileType = image.png; path = diangu_sel.png; sourceTree = "<group>"; };
		601EF2FF1B671BF40011BAD3 /* dl_beijing.jpg */ = {isa = PBXFileReference; lastKnownFileType = image.jpeg; path = dl_beijing.jpg; sourceTree = "<group>"; };
		601EF3001B671BF40011BAD3 /* dl_cgms_cn.png */ = {isa = PBXFileReference; lastKnownFileType = image.png; path = dl_cgms_cn.png; sourceTree = "<group>"; };
		601EF3011B671BF50011BAD3 /* dl_dh_yun2.png */ = {isa = PBXFileReference; lastKnownFileType = image.png; path = dl_dh_yun2.png; sourceTree = "<group>"; };
		601EF3021B671BF50011BAD3 /* dl_dh_yun1.png */ = {isa = PBXFileReference; lastKnownFileType = image.png; path = dl_dh_yun1.png; sourceTree = "<group>"; };
		601EF3031B671BF50011BAD3 /* dl_diangu_cn.png */ = {isa = PBXFileReference; lastKnownFileType = image.png; path = dl_diangu_cn.png; sourceTree = "<group>"; };
		601EF3041B671BF50011BAD3 /* dl_logo.png */ = {isa = PBXFileReference; lastKnownFileType = image.png; path = dl_logo.png; sourceTree = "<group>"; };
		601EF3051B671BF50011BAD3 /* dl_logo_01.png */ = {isa = PBXFileReference; lastKnownFileType = image.png; path = dl_logo_01.png; sourceTree = "<group>"; };
		601EF3061B671BF50011BAD3 /* dl_logo_02.png */ = {isa = PBXFileReference; lastKnownFileType = image.png; path = dl_logo_02.png; sourceTree = "<group>"; };
		601EF3071B671BF50011BAD3 /* dl_PK.png */ = {isa = PBXFileReference; lastKnownFileType = image.png; path = dl_PK.png; sourceTree = "<group>"; };
		601EF3081B671BF50011BAD3 /* hong.png */ = {isa = PBXFileReference; lastKnownFileType = image.png; path = hong.png; sourceTree = "<group>"; };
		601EF3091B671BF50011BAD3 /* hong_sel.png */ = {isa = PBXFileReference; lastKnownFileType = image.png; path = hong_sel.png; sourceTree = "<group>"; };
		601EF30A1B671BF50011BAD3 /* huang.png */ = {isa = PBXFileReference; lastKnownFileType = image.png; path = huang.png; sourceTree = "<group>"; };
		601EF30B1B671BF50011BAD3 /* huang_sel.png */ = {isa = PBXFileReference; lastKnownFileType = image.png; path = huang_sel.png; sourceTree = "<group>"; };
		601EF30C1B671BF50011BAD3 /* tb_jiangli.png */ = {isa = PBXFileReference; lastKnownFileType = image.png; path = tb_jiangli.png; sourceTree = "<group>"; };
		601EF30D1B671BF50011BAD3 /* tb_jiangli_sel.png */ = {isa = PBXFileReference; lastKnownFileType = image.png; path = tb_jiangli_sel.png; sourceTree = "<group>"; };
		601EF30E1B671BF50011BAD3 /* tb_jiangli_w_cn.png */ = {isa = PBXFileReference; lastKnownFileType = image.png; path = tb_jiangli_w_cn.png; sourceTree = "<group>"; };
		601EF30F1B671BF50011BAD3 /* tb_phb.png */ = {isa = PBXFileReference; lastKnownFileType = image.png; path = tb_phb.png; sourceTree = "<group>"; };
		601EF3101B671BF50011BAD3 /* tb_phb_sel.png */ = {isa = PBXFileReference; lastKnownFileType = image.png; path = tb_phb_sel.png; sourceTree = "<group>"; };
		601EF3111B671BF50011BAD3 /* tb_phb_w_cn.png */ = {isa = PBXFileReference; lastKnownFileType = image.png; path = tb_phb_w_cn.png; sourceTree = "<group>"; };
		601EF3121B671BF50011BAD3 /* tb_shezhi.png */ = {isa = PBXFileReference; lastKnownFileType = image.png; path = tb_shezhi.png; sourceTree = "<group>"; };
		601EF3131B671BF50011BAD3 /* tb_shezhi_sel.png */ = {isa = PBXFileReference; lastKnownFileType = image.png; path = tb_shezhi_sel.png; sourceTree = "<group>"; };
		601EF3141B671BF50011BAD3 /* tb_shezhi_w_cn.png */ = {isa = PBXFileReference; lastKnownFileType = image.png; path = tb_shezhi_w_cn.png; sourceTree = "<group>"; };
		601EF3151B671BF50011BAD3 /* tb_zhoujingsai.png */ = {isa = PBXFileReference; lastKnownFileType = image.png; path = tb_zhoujingsai.png; sourceTree = "<group>"; };
		601EF3161B671BF50011BAD3 /* tb_zhoujingsai_sel.png */ = {isa = PBXFileReference; lastKnownFileType = image.png; path = tb_zhoujingsai_sel.png; sourceTree = "<group>"; };
		601EF3171B671BF50011BAD3 /* tb_zhoujingsai_w_cn.png */ = {isa = PBXFileReference; lastKnownFileType = image.png; path = tb_zhoujingsai_w_cn.png; sourceTree = "<group>"; };
		601EF3181B671BF50011BAD3 /* tb_ziliao.png */ = {isa = PBXFileReference; lastKnownFileType = image.png; path = tb_ziliao.png; sourceTree = "<group>"; };
		601EF3191B671BF50011BAD3 /* tb_ziliao_sel.png */ = {isa = PBXFileReference; lastKnownFileType = image.png; path = tb_ziliao_sel.png; sourceTree = "<group>"; };
		601EF31A1B671BF50011BAD3 /* tb_ziliao_w_cn.png */ = {isa = PBXFileReference; lastKnownFileType = image.png; path = tb_ziliao_w_cn.png; sourceTree = "<group>"; };
		601EF33C1B6720620011BAD3 /* SMMainViewController.h */ = {isa = PBXFileReference; fileEncoding = 4; lastKnownFileType = sourcecode.c.h; name = SMMainViewController.h; path = Controllers/SMMainViewController.h; sourceTree = "<group>"; };
		601EF33D1B6720620011BAD3 /* SMMainViewController.m */ = {isa = PBXFileReference; fileEncoding = 4; lastKnownFileType = sourcecode.c.objc; name = SMMainViewController.m; path = Controllers/SMMainViewController.m; sourceTree = "<group>"; };
/* End PBXFileReference section */

/* Begin PBXFrameworksBuildPhase section */
		600468A61B4676DF0066E5BD /* Frameworks */ = {
			isa = PBXFrameworksBuildPhase;
			buildActionMask = 2147483647;
			files = (
			);
			runOnlyForDeploymentPostprocessing = 0;
		};
		600468B91B4676DF0066E5BD /* Frameworks */ = {
			isa = PBXFrameworksBuildPhase;
			buildActionMask = 2147483647;
			files = (
			);
			runOnlyForDeploymentPostprocessing = 0;
		};
/* End PBXFrameworksBuildPhase section */

/* Begin PBXGroup section */
		600468A01B4676DF0066E5BD = {
			isa = PBXGroup;
			children = (
				600468AB1B4676DF0066E5BD /* CrazyPuzzle */,
				600468BF1B4676DF0066E5BD /* CrazyPuzzleTests */,
				600468AA1B4676DF0066E5BD /* Products */,
			);
			sourceTree = "<group>";
		};
		600468AA1B4676DF0066E5BD /* Products */ = {
			isa = PBXGroup;
			children = (
				600468A91B4676DF0066E5BD /* CrazyPuzzle.app */,
				600468BC1B4676DF0066E5BD /* CrazyPuzzleTests.xctest */,
			);
			name = Products;
			sourceTree = "<group>";
		};
		600468AB1B4676DF0066E5BD /* CrazyPuzzle */ = {
			isa = PBXGroup;
			children = (
				600468D71B4679120066E5BD /* Application */,
				600468D81B46791D0066E5BD /* Base */,
				600468D61B4678FD0066E5BD /* Models */,
				600468D51B4678F10066E5BD /* Views */,
				600468D41B4678E50066E5BD /* Controllers */,
				600468D31B4678DE0066E5BD /* Lib */,
				600468D21B4678D20066E5BD /* Resource */,
				600468AC1B4676DF0066E5BD /* Supporting Files */,
			);
			path = CrazyPuzzle;
			sourceTree = "<group>";
		};
		600468AC1B4676DF0066E5BD /* Supporting Files */ = {
			isa = PBXGroup;
			children = (
				600468B31B4676DF0066E5BD /* Images.xcassets */,
				600468AD1B4676DF0066E5BD /* Info.plist */,
				600468AE1B4676DF0066E5BD /* main.m */,
			);
			name = "Supporting Files";
			sourceTree = "<group>";
		};
		600468BF1B4676DF0066E5BD /* CrazyPuzzleTests */ = {
			isa = PBXGroup;
			children = (
				600468C21B4676DF0066E5BD /* CrazyPuzzleTests.m */,
				600468C01B4676DF0066E5BD /* Supporting Files */,
			);
			path = CrazyPuzzleTests;
			sourceTree = "<group>";
		};
		600468C01B4676DF0066E5BD /* Supporting Files */ = {
			isa = PBXGroup;
			children = (
				600468C11B4676DF0066E5BD /* Info.plist */,
			);
			name = "Supporting Files";
			sourceTree = "<group>";
		};
		600468D21B4678D20066E5BD /* Resource */ = {
			isa = PBXGroup;
			children = (
				601EF2FC1B671BF40011BAD3 /* mainImages */,
			);
			name = Resource;
			sourceTree = "<group>";
		};
		600468D31B4678DE0066E5BD /* Lib */ = {
			isa = PBXGroup;
			children = (
			);
			name = Lib;
			sourceTree = "<group>";
		};
		600468D41B4678E50066E5BD /* Controllers */ = {
			isa = PBXGroup;
			children = (
				601EF33C1B6720620011BAD3 /* SMMainViewController.h */,
				601EF33D1B6720620011BAD3 /* SMMainViewController.m */,
			);
			name = Controllers;
			sourceTree = "<group>";
		};
		600468D51B4678F10066E5BD /* Views */ = {
			isa = PBXGroup;
			children = (
			);
			name = Views;
			sourceTree = "<group>";
		};
		600468D61B4678FD0066E5BD /* Models */ = {
			isa = PBXGroup;
			children = (
			);
			name = Models;
			sourceTree = "<group>";
		};
		600468D71B4679120066E5BD /* Application */ = {
			isa = PBXGroup;
			children = (
				600468B01B4676DF0066E5BD /* SMAppDelegate.h */,
				600468B11B4676DF0066E5BD /* SMAppDelegate.m */,
			);
			name = Application;
			sourceTree = "<group>";
		};
		600468D81B46791D0066E5BD /* Base */ = {
			isa = PBXGroup;
			children = (
			);
			name = Base;
			sourceTree = "<group>";
		};
		601EF2FC1B671BF40011BAD3 /* mainImages */ = {
			isa = PBXGroup;
			children = (
				601EF2FD1B671BF40011BAD3 /* diangu.png */,
				601EF2FE1B671BF40011BAD3 /* diangu_sel.png */,
				601EF2FF1B671BF40011BAD3 /* dl_beijing.jpg */,
				601EF3001B671BF40011BAD3 /* dl_cgms_cn.png */,
				601EF3011B671BF50011BAD3 /* dl_dh_yun2.png */,
				601EF3021B671BF50011BAD3 /* dl_dh_yun1.png */,
				601EF3031B671BF50011BAD3 /* dl_diangu_cn.png */,
				601EF3041B671BF50011BAD3 /* dl_logo.png */,
				601EF3051B671BF50011BAD3 /* dl_logo_01.png */,
				601EF3061B671BF50011BAD3 /* dl_logo_02.png */,
				601EF3071B671BF50011BAD3 /* dl_PK.png */,
				601EF3081B671BF50011BAD3 /* hong.png */,
				601EF3091B671BF50011BAD3 /* hong_sel.png */,
				601EF30A1B671BF50011BAD3 /* huang.png */,
				601EF30B1B671BF50011BAD3 /* huang_sel.png */,
				601EF30C1B671BF50011BAD3 /* tb_jiangli.png */,
				601EF30D1B671BF50011BAD3 /* tb_jiangli_sel.png */,
				601EF30E1B671BF50011BAD3 /* tb_jiangli_w_cn.png */,
				601EF30F1B671BF50011BAD3 /* tb_phb.png */,
				601EF3101B671BF50011BAD3 /* tb_phb_sel.png */,
				601EF3111B671BF50011BAD3 /* tb_phb_w_cn.png */,
				601EF3121B671BF50011BAD3 /* tb_shezhi.png */,
				601EF3131B671BF50011BAD3 /* tb_shezhi_sel.png */,
				601EF3141B671BF50011BAD3 /* tb_shezhi_w_cn.png */,
				601EF3151B671BF50011BAD3 /* tb_zhoujingsai.png */,
				601EF3161B671BF50011BAD3 /* tb_zhoujingsai_sel.png */,
				601EF3171B671BF50011BAD3 /* tb_zhoujingsai_w_cn.png */,
				601EF3181B671BF50011BAD3 /* tb_ziliao.png */,
				601EF3191B671BF50011BAD3 /* tb_ziliao_sel.png */,
				601EF31A1B671BF50011BAD3 /* tb_ziliao_w_cn.png */,
			);
			path = mainImages;
			sourceTree = "<group>";
		};
/* End PBXGroup section */

/* Begin PBXNativeTarget section */
		600468A81B4676DF0066E5BD /* CrazyPuzzle */ = {
			isa = PBXNativeTarget;
			buildConfigurationList = 600468C61B4676DF0066E5BD /* Build configuration list for PBXNativeTarget "CrazyPuzzle" */;
			buildPhases = (
				600468A51B4676DF0066E5BD /* Sources */,
				600468A61B4676DF0066E5BD /* Frameworks */,
				600468A71B4676DF0066E5BD /* Resources */,
			);
			buildRules = (
			);
			dependencies = (
			);
			name = CrazyPuzzle;
			productName = CrazyPuzzle;
			productReference = 600468A91B4676DF0066E5BD /* CrazyPuzzle.app */;
			productType = "com.apple.product-type.application";
		};
		600468BB1B4676DF0066E5BD /* CrazyPuzzleTests */ = {
			isa = PBXNativeTarget;
			buildConfigurationList = 600468C91B4676DF0066E5BD /* Build configuration list for PBXNativeTarget "CrazyPuzzleTests" */;
			buildPhases = (
				600468B81B4676DF0066E5BD /* Sources */,
				600468B91B4676DF0066E5BD /* Frameworks */,
				600468BA1B4676DF0066E5BD /* Resources */,
			);
			buildRules = (
			);
			dependencies = (
				600468BE1B4676DF0066E5BD /* PBXTargetDependency */,
			);
			name = CrazyPuzzleTests;
			productName = CrazyPuzzleTests;
			productReference = 600468BC1B4676DF0066E5BD /* CrazyPuzzleTests.xctest */;
			productType = "com.apple.product-type.bundle.unit-test";
		};
/* End PBXNativeTarget section */

/* Begin PBXProject section */
		600468A11B4676DF0066E5BD /* Project object */ = {
			isa = PBXProject;
			attributes = {
				CLASSPREFIX = SM;
				LastUpgradeCheck = 0630;
				ORGANIZATIONNAME = SevenMay;
				TargetAttributes = {
					600468A81B4676DF0066E5BD = {
						CreatedOnToolsVersion = 6.3.2;
					};
					600468BB1B4676DF0066E5BD = {
						CreatedOnToolsVersion = 6.3.2;
						TestTargetID = 600468A81B4676DF0066E5BD;
					};
				};
			};
			buildConfigurationList = 600468A41B4676DF0066E5BD /* Build configuration list for PBXProject "CrazyPuzzle" */;
			compatibilityVersion = "Xcode 3.2";
			developmentRegion = English;
			hasScannedForEncodings = 0;
			knownRegions = (
				en,
				Base,
			);
			mainGroup = 600468A01B4676DF0066E5BD;
			productRefGroup = 600468AA1B4676DF0066E5BD /* Products */;
			projectDirPath = "";
			projectRoot = "";
			targets = (
				600468A81B4676DF0066E5BD /* CrazyPuzzle */,
				600468BB1B4676DF0066E5BD /* CrazyPuzzleTests */,
			);
		};
/* End PBXProject section */

/* Begin PBXResourcesBuildPhase section */
		600468A71B4676DF0066E5BD /* Resources */ = {
			isa = PBXResourcesBuildPhase;
			buildActionMask = 2147483647;
			files = (
				601EF31F1B671BF50011BAD3 /* dl_dh_yun2.png in Resources */,
				601EF3221B671BF50011BAD3 /* dl_logo.png in Resources */,
				601EF3201B671BF50011BAD3 /* dl_dh_yun1.png in Resources */,
				601EF3331B671BF50011BAD3 /* tb_zhoujingsai.png in Resources */,
				601EF32F1B671BF50011BAD3 /* tb_phb_w_cn.png in Resources */,
				601EF3241B671BF50011BAD3 /* dl_logo_02.png in Resources */,
				601EF32D1B671BF50011BAD3 /* tb_phb.png in Resources */,
				601EF3211B671BF50011BAD3 /* dl_diangu_cn.png in Resources */,
				601EF3351B671BF50011BAD3 /* tb_zhoujingsai_w_cn.png in Resources */,
				601EF3301B671BF50011BAD3 /* tb_shezhi.png in Resources */,
				601EF3261B671BF50011BAD3 /* hong.png in Resources */,
				601EF3341B671BF50011BAD3 /* tb_zhoujingsai_sel.png in Resources */,
				601EF3291B671BF50011BAD3 /* huang_sel.png in Resources */,
				601EF31E1B671BF50011BAD3 /* dl_cgms_cn.png in Resources */,
				601EF31D1B671BF50011BAD3 /* dl_beijing.jpg in Resources */,
				601EF3381B671BF50011BAD3 /* tb_ziliao_w_cn.png in Resources */,
				601EF31C1B671BF50011BAD3 /* diangu_sel.png in Resources */,
				601EF3371B671BF50011BAD3 /* tb_ziliao_sel.png in Resources */,
				601EF3231B671BF50011BAD3 /* dl_logo_01.png in Resources */,
				601EF3361B671BF50011BAD3 /* tb_ziliao.png in Resources */,
				601EF3271B671BF50011BAD3 /* hong_sel.png in Resources */,
				601EF32C1B671BF50011BAD3 /* tb_jiangli_w_cn.png in Resources */,
				601EF32E1B671BF50011BAD3 /* tb_phb_sel.png in Resources */,
				601EF3321B671BF50011BAD3 /* tb_shezhi_w_cn.png in Resources */,
				600468B41B4676DF0066E5BD /* Images.xcassets in Resources */,
				601EF3251B671BF50011BAD3 /* dl_PK.png in Resources */,
				601EF32A1B671BF50011BAD3 /* tb_jiangli.png in Resources */,
				601EF3281B671BF50011BAD3 /* huang.png in Resources */,
				601EF31B1B671BF50011BAD3 /* diangu.png in Resources */,
				601EF32B1B671BF50011BAD3 /* tb_jiangli_sel.png in Resources */,
				601EF3311B671BF50011BAD3 /* tb_shezhi_sel.png in Resources */,
			);
			runOnlyForDeploymentPostprocessing = 0;
		};
		600468BA1B4676DF0066E5BD /* Resources */ = {
			isa = PBXResourcesBuildPhase;
			buildActionMask = 2147483647;
			files = (
			);
			runOnlyForDeploymentPostprocessing = 0;
		};
/* End PBXResourcesBuildPhase section */

/* Begin PBXSourcesBuildPhase section */
		600468A51B4676DF0066E5BD /* Sources */ = {
			isa = PBXSourcesBuildPhase;
			buildActionMask = 2147483647;
			files = (
				601EF33E1B6720620011BAD3 /* SMMainViewController.m in Sources */,
				600468B21B4676DF0066E5BD /* SMAppDelegate.m in Sources */,
				600468AF1B4676DF0066E5BD /* main.m in Sources */,
			);
			runOnlyForDeploymentPostprocessing = 0;
		};
		600468B81B4676DF0066E5BD /* Sources */ = {
			isa = PBXSourcesBuildPhase;
			buildActionMask = 2147483647;
			files = (
				600468C31B4676DF0066E5BD /* CrazyPuzzleTests.m in Sources */,
			);
			runOnlyForDeploymentPostprocessing = 0;
		};
/* End PBXSourcesBuildPhase section */

/* Begin PBXTargetDependency section */
		600468BE1B4676DF0066E5BD /* PBXTargetDependency */ = {
			isa = PBXTargetDependency;
			target = 600468A81B4676DF0066E5BD /* CrazyPuzzle */;
			targetProxy = 600468BD1B4676DF0066E5BD /* PBXContainerItemProxy */;
		};
/* End PBXTargetDependency section */

/* Begin XCBuildConfiguration section */
		600468C41B4676DF0066E5BD /* Debug */ = {
			isa = XCBuildConfiguration;
			buildSettings = {
				ALWAYS_SEARCH_USER_PATHS = NO;
				CLANG_CXX_LANGUAGE_STANDARD = "gnu++0x";
				CLANG_CXX_LIBRARY = "libc++";
				CLANG_ENABLE_MODULES = YES;
				CLANG_ENABLE_OBJC_ARC = YES;
				CLANG_WARN_BOOL_CONVERSION = YES;
				CLANG_WARN_CONSTANT_CONVERSION = YES;
				CLANG_WARN_DIRECT_OBJC_ISA_USAGE = YES_ERROR;
				CLANG_WARN_EMPTY_BODY = YES;
				CLANG_WARN_ENUM_CONVERSION = YES;
				CLANG_WARN_INT_CONVERSION = YES;
				CLANG_WARN_OBJC_ROOT_CLASS = YES_ERROR;
				CLANG_WARN_UNREACHABLE_CODE = YES;
				CLANG_WARN__DUPLICATE_METHOD_MATCH = YES;
				"CODE_SIGN_IDENTITY[sdk=iphoneos*]" = "iPhone Developer";
				COPY_PHASE_STRIP = NO;
				DEBUG_INFORMATION_FORMAT = "dwarf-with-dsym";
				ENABLE_STRICT_OBJC_MSGSEND = YES;
				GCC_C_LANGUAGE_STANDARD = gnu99;
				GCC_DYNAMIC_NO_PIC = NO;
				GCC_NO_COMMON_BLOCKS = YES;
				GCC_OPTIMIZATION_LEVEL = 0;
				GCC_PREPROCESSOR_DEFINITIONS = (
					"DEBUG=1",
					"$(inherited)",
				);
				GCC_SYMBOLS_PRIVATE_EXTERN = NO;
				GCC_WARN_64_TO_32_BIT_CONVERSION = YES;
				GCC_WARN_ABOUT_RETURN_TYPE = YES_ERROR;
				GCC_WARN_UNDECLARED_SELECTOR = YES;
				GCC_WARN_UNINITIALIZED_AUTOS = YES_AGGRESSIVE;
				GCC_WARN_UNUSED_FUNCTION = YES;
				GCC_WARN_UNUSED_VARIABLE = YES;
				IPHONEOS_DEPLOYMENT_TARGET = 8.3;
				MTL_ENABLE_DEBUG_INFO = YES;
				ONLY_ACTIVE_ARCH = YES;
				SDKROOT = iphoneos;
			};
			name = Debug;
		};
		600468C51B4676DF0066E5BD /* Release */ = {
			isa = XCBuildConfiguration;
			buildSettings = {
				ALWAYS_SEARCH_USER_PATHS = NO;
				CLANG_CXX_LANGUAGE_STANDARD = "gnu++0x";
				CLANG_CXX_LIBRARY = "libc++";
				CLANG_ENABLE_MODULES = YES;
				CLANG_ENABLE_OBJC_ARC = YES;
				CLANG_WARN_BOOL_CONVERSION = YES;
				CLANG_WARN_CONSTANT_CONVERSION = YES;
				CLANG_WARN_DIRECT_OBJC_ISA_USAGE = YES_ERROR;
				CLANG_WARN_EMPTY_BODY = YES;
				CLANG_WARN_ENUM_CONVERSION = YES;
				CLANG_WARN_INT_CONVERSION = YES;
				CLANG_WARN_OBJC_ROOT_CLASS = YES_ERROR;
				CLANG_WARN_UNREACHABLE_CODE = YES;
				CLANG_WARN__DUPLICATE_METHOD_MATCH = YES;
				"CODE_SIGN_IDENTITY[sdk=iphoneos*]" = "iPhone Developer";
				COPY_PHASE_STRIP = NO;
				DEBUG_INFORMATION_FORMAT = "dwarf-with-dsym";
				ENABLE_NS_ASSERTIONS = NO;
				ENABLE_STRICT_OBJC_MSGSEND = YES;
				GCC_C_LANGUAGE_STANDARD = gnu99;
				GCC_NO_COMMON_BLOCKS = YES;
				GCC_WARN_64_TO_32_BIT_CONVERSION = YES;
				GCC_WARN_ABOUT_RETURN_TYPE = YES_ERROR;
				GCC_WARN_UNDECLARED_SELECTOR = YES;
				GCC_WARN_UNINITIALIZED_AUTOS = YES_AGGRESSIVE;
				GCC_WARN_UNUSED_FUNCTION = YES;
				GCC_WARN_UNUSED_VARIABLE = YES;
				IPHONEOS_DEPLOYMENT_TARGET = 8.3;
				MTL_ENABLE_DEBUG_INFO = NO;
				SDKROOT = iphoneos;
				VALIDATE_PRODUCT = YES;
			};
			name = Release;
		};
		600468C71B4676DF0066E5BD /* Debug */ = {
			isa = XCBuildConfiguration;
			buildSettings = {
				ASSETCATALOG_COMPILER_APPICON_NAME = AppIcon;
				ASSETCATALOG_COMPILER_LAUNCHIMAGE_NAME = LaunchImage;
				INFOPLIST_FILE = CrazyPuzzle/Info.plist;
				LD_RUNPATH_SEARCH_PATHS = "$(inherited) @executable_path/Frameworks";
				PRODUCT_NAME = "$(TARGET_NAME)";
			};
			name = Debug;
		};
		600468C81B4676DF0066E5BD /* Release */ = {
			isa = XCBuildConfiguration;
			buildSettings = {
				ASSETCATALOG_COMPILER_APPICON_NAME = AppIcon;
				ASSETCATALOG_COMPILER_LAUNCHIMAGE_NAME = LaunchImage;
				INFOPLIST_FILE = CrazyPuzzle/Info.plist;
				LD_RUNPATH_SEARCH_PATHS = "$(inherited) @executable_path/Frameworks";
				PRODUCT_NAME = "$(TARGET_NAME)";
			};
			name = Release;
		};
		600468CA1B4676DF0066E5BD /* Debug */ = {
			isa = XCBuildConfiguration;
			buildSettings = {
				BUNDLE_LOADER = "$(TEST_HOST)";
				FRAMEWORK_SEARCH_PATHS = (
					"$(SDKROOT)/Developer/Library/Frameworks",
					"$(inherited)",
				);
				GCC_PREPROCESSOR_DEFINITIONS = (
					"DEBUG=1",
					"$(inherited)",
				);
				INFOPLIST_FILE = CrazyPuzzleTests/Info.plist;
				LD_RUNPATH_SEARCH_PATHS = "$(inherited) @executable_path/Frameworks @loader_path/Frameworks";
				PRODUCT_NAME = "$(TARGET_NAME)";
				TEST_HOST = "$(BUILT_PRODUCTS_DIR)/CrazyPuzzle.app/CrazyPuzzle";
			};
			name = Debug;
		};
		600468CB1B4676DF0066E5BD /* Release */ = {
			isa = XCBuildConfiguration;
			buildSettings = {
				BUNDLE_LOADER = "$(TEST_HOST)";
				FRAMEWORK_SEARCH_PATHS = (
					"$(SDKROOT)/Developer/Library/Frameworks",
					"$(inherited)",
				);
				INFOPLIST_FILE = CrazyPuzzleTests/Info.plist;
				LD_RUNPATH_SEARCH_PATHS = "$(inherited) @executable_path/Frameworks @loader_path/Frameworks";
				PRODUCT_NAME = "$(TARGET_NAME)";
				TEST_HOST = "$(BUILT_PRODUCTS_DIR)/CrazyPuzzle.app/CrazyPuzzle";
			};
			name = Release;
		};
/* End XCBuildConfiguration section */

/* Begin XCConfigurationList section */
		600468A41B4676DF0066E5BD /* Build configuration list for PBXProject "CrazyPuzzle" */ = {
			isa = XCConfigurationList;
			buildConfigurations = (
				600468C41B4676DF0066E5BD /* Debug */,
				600468C51B4676DF0066E5BD /* Release */,
			);
			defaultConfigurationIsVisible = 0;
			defaultConfigurationName = Release;
		};
		600468C61B4676DF0066E5BD /* Build configuration list for PBXNativeTarget "CrazyPuzzle" */ = {
			isa = XCConfigurationList;
			buildConfigurations = (
				600468C71B4676DF0066E5BD /* Debug */,
				600468C81B4676DF0066E5BD /* Release */,
			);
			defaultConfigurationIsVisible = 0;
			defaultConfigurationName = Release;
		};
		600468C91B4676DF0066E5BD /* Build configuration list for PBXNativeTarget "CrazyPuzzleTests" */ = {
			isa = XCConfigurationList;
			buildConfigurations = (
				600468CA1B4676DF0066E5BD /* Debug */,
				600468CB1B4676DF0066E5BD /* Release */,
			);
			defaultConfigurationIsVisible = 0;
			defaultConfigurationName = Release;
		};
/* End XCConfigurationList section */
	};
	rootObject = 600468A11B4676DF0066E5BD /* Project object */;
}
